github.com/davecgh/go-spew v1.1.1 h1:vj9j/u1bqnvCEfJOwUhtlOARqs3+rkHYY13jYWTU97c=
github.com/davecgh/go-spew v1.1.1/go.mod h1:J7Y8YcW2NihsgmVo/mv3lAwl/skON4iLHjSsI+c5H38=
github.com/gomodule/redigo v1.9.2 h1:HrutZBLhSIU8abiSfW8pj8mPhOyMYjZT/wcA4/L9L9s=
github.com/gomodule/redigo v1.9.2/go.mod h1:KsU3hiK/Ay8U42qpaJk+kuNa3C+spxapWpM+ywhcgtw=
github.com/pmezard/go-difflib v1.0.0 h1:4DBwDE0NGyQoBHbLQYPwSUPoCMWR5BEzIk/f1lZbAQM=
github.com/pmezard/go-difflib v1.0.0/go.mod h1:iKH77koFhYxTK1pcRnkKkqfTogsbg7gZNVY4sRDYZ/4=
github.com/stretchr/testify v1.11.1 h1:7s2iGBzp5EwR7/aIZr8ao5+dra3wiQyKjjFuvgVKu7U=
github.com/stretchr/testify v1.11.1/go.mod h1:wZwfW3scLgRK+23gO65QZefKpKQRnfz6sD981Nm4B6U=
github.com/xyproto/cookie/v2 v2.2.6 h1:5fdhSrJAn2xdSM1nobWMaPM00ioFuNbxHo8pIN0bu/M=
github.com/xyproto/cookie/v2 v2.2.6/go.mod h1:lbMjpSwQQIihGrQukzFFwSJp3hC9yPozXUHbouSrpAM=
github.com/xyproto/permissions2/v2 v2.6.11 h1:a0Yzgy30ongFaQKej6D2U7oMDQG915nL0iTDOXFyneE=
github.com/xyproto/permissions2/v2 v2.6.11/go.mod h1:VAIfM08DoGKJlFopiRllDnHYL5oYRZS4qNImzblPSL4=
github.com/xyproto/pinterface v1.5.4 h1:u7bVqjJIlZ5+FDFrVfLmOgL38XGXt7R+xkLsfiSGDEQ=
github.com/xyproto/pinterface v1.5.4/go.mod h1:X5B5pKE49ak7SpyDh5QvJvLH9cC9XuZNDcl5hEyYc34=
github.com/xyproto/randomstring v1.2.0 h1:y7PXAEBM3XlwJjPG2JQg4voxBYZ4+hPgRdGKCfU8wik=
github.com/xyproto/randomstring v1.2.0/go.mod h1:rgmS5DeNXLivK7YprL0pY+lTuhNQW3iGxZ18UQApw/E=
github.com/xyproto/simpleredis/v2 v2.8.1 h1:AUdTMtjX8XewUj2ouoH0z/T8Fqy59xr0FPv2/ZJlwbk=
github.com/xyproto/simpleredis/v2 v2.8.1/go.mod h1:ErpU/OaAGxqW8/B65GmOBLoEsHyB++Wkpn+HqGnhkQE=
golang.org/x/crypto v0.42.0 h1:chiH31gIWm57EkTXpwnqf8qeuMUi0yekh6mT2AvFlqI=
golang.org/x/crypto v0.42.0/go.mod h1:4+rDnOTJhQCx2q7/j6rAN5XDw8kPjeaXEUR2eL94ix8=
gopkg.in/yaml.v3 v3.0.1 h1:fxVm/GzAzEWqLHuvctI91KS9hhNmmWOoWu0XTYJS7CA=
gopkg.in/yaml.v3 v3.0.1/go.mod h1:K4uyk7z7BCEPqu6E+C64Yfv1cQ7kz7rIZviUmN+EgEM=
