github.com/davecgh/go-spew v1.1.1 h1:vj9j/u1bqnvCEfJOwUhtlOARqs3+rkHYY13jYWTU97c=
github.com/davecgh/go-spew v1.1.1/go.mod h1:J7Y8YcW2NihsgmVo/mv3lAwl/skON4iLHjSsI+c5H38=
github.com/go-chi/chi/v5 v5.2.5 h1:Eg4myHZBjyvJmAFjFvWgrqDTXFyOzjj7YIm3L3mu6Ug=
github.com/go-chi/chi/v5 v5.2.5/go.mod h1:X7Gx4mteadT3eDOMTsXzmI4/rwUpOwBHLpAfupzFJP0=
github.com/gomodule/redigo v1.9.3 h1:dNPSXeXv6HCq2jdyWfjgmhBdqnR6PRO3m/G05nvpPC8=
github.com/gomodule/redigo v1.9.3/go.mod h1:KsU3hiK/Ay8U42qpaJk+kuNa3C+spxapWpM+ywhcgtw=
github.com/pmezard/go-difflib v1.0.0 h1:4DBwDE0NGyQoBHbLQYPwSUPoCMWR5BEzIk/f1lZbAQM=
github.com/pmezard/go-difflib v1.0.0/go.mod h1:iKH77koFhYxTK1pcRnkKkqfTogsbg7gZNVY4sRDYZ/4=
github.com/stretchr/testify v1.11.1 h1:7s2iGBzp5EwR7/aIZr8ao5+dra3wiQyKjjFuvgVKu7U=
github.com/stretchr/testify v1.11.1/go.mod h1:wZwfW3scLgRK+23gO65QZefKpKQRnfz6sD981Nm4B6U=
github.com/xyproto/cookie/v2 v2.2.7 h1:0Cj72/1ftzP0E/ca52YrF6RNyhMyCvl7fjPcvwsr9fE=
github.com/xyproto/cookie/v2 v2.2.7/go.mod h1:wW8OiGxgIP7knzx9qZYA1NkicfCYDo/T0QyxUZ5Sd3o=
github.com/xyproto/permissions2/v2 v2.6.12 h1:lm48ZrdAkNzdz6Prq6rFFd8LSx6Ew2xkdEgvE8DGRoc=
github.com/xyproto/permissions2/v2 v2.6.12/go.mod h1:XKFVqWf9QxrqCqwmGrm+wFuh1Epg9BI9TMMMYQFSPy8=
github.com/xyproto/pinterface v1.6.0 h1:9AACoo9KvEHMZ51Aem8nnvMabTkNnE3Ye26Fke5qW3M=
github.com/xyproto/pinterface v1.6.0/go.mod h1:X5B5pKE49ak7SpyDh5QvJvLH9cC9XuZNDcl5hEyYc34=
github.com/xyproto/pinterface/v2 v2.1.2 h1:PhCqZpwknL0w0o1FNv9XsCk54ArgK7fogwvvBzLKw9c=
github.com/xyproto/pinterface/v2 v2.1.2/go.mod h1:JEnbIgxF7qfkASFr8EXLhd2ymhd6xLG0Eq5xkFHqyXw=
github.com/xyproto/randomstring v1.2.0 h1:y7PXAEBM3XlwJjPG2JQg4voxBYZ4+hPgRdGKCfU8wik=
github.com/xyproto/randomstring v1.2.0/go.mod h1:rgmS5DeNXLivK7YprL0pY+lTuhNQW3iGxZ18UQApw/E=
github.com/xyproto/simpleredis/v2 v2.9.0 h1:63bwcxCZbxzaJjhnTvNO2NnF8rRe5JphmKLgxPLTuic=
github.com/xyproto/simpleredis/v2 v2.9.0/go.mod h1:edDsEFCiPZHSaF0lDtfzQYvLV2jCwGB8r2uYxK0jvpM=
golang.org/x/crypto v0.50.0 h1:zO47/JPrL6vsNkINmLoo/PH1gcxpls50DNogFvB5ZGI=
golang.org/x/crypto v0.50.0/go.mod h1:3muZ7vA7PBCE6xgPX7nkzzjiUq87kRItoJQM1Yo8S+Q=
gopkg.in/yaml.v3 v3.0.1 h1:fxVm/GzAzEWqLHuvctI91KS9hhNmmWOoWu0XTYJS7CA=
gopkg.in/yaml.v3 v3.0.1/go.mod h1:K4uyk7z7BCEPqu6E+C64Yfv1cQ7kz7rIZviUmN+EgEM=
